
Microsoft Visual Studio Solution File, Format Version 12.00
# Visual Studio Version 17
VisualStudioVersion = 17.5.33414.496
MinimumVisualStudioVersion = 10.0.40219.1
Project("{9A19103F-16F7-4668-BE54-9A1E7A4F7556}") = "Logatron", "Logatron\Logatron.csproj", "{FD79454B-4582-4AD2-A7E7-D3C0C91A9F87}"
EndProject
Project("{9A19103F-16F7-4668-BE54-9A1E7A4F7556}") = "LogatronLib", "LogatronLib\LogatronLib.csproj", "{CDB1D33C-1710-4A53-8942-E1BF165E5E81}"
EndProject
Project("{9A19103F-16F7-4668-BE54-9A1E7A4F7556}") = "OmniRig1Lib", "OmniRig1Lib\OmniRig1Lib.csproj", "{79AD99A1-3874-46EE-88B1-39E34BB27712}"
EndProject
Project("{9A19103F-16F7-4668-BE54-9A1E7A4F7556}") = "OmniRig2Lib", "OmniRig2Lib\OmniRig2Lib.csproj", "{EF011EBC-4CA4-4B3A-AEDA-1BB55C8C7407}"
EndProject
Global
	GlobalSection(SolutionConfigurationPlatforms) = preSolution
		Debug|Any CPU = Debug|Any CPU
		Release|Any CPU = Release|Any CPU
	EndGlobalSection
	GlobalSection(ProjectConfigurationPlatforms) = postSolution
		{FD79454B-4582-4AD2-A7E7-D3C0C91A9F87}.Debug|Any CPU.ActiveCfg = Debug|Any CPU
		{FD79454B-4582-4AD2-A7E7-D3C0C91A9F87}.Debug|Any CPU.Build.0 = Debug|Any CPU
		{FD79454B-4582-4AD2-A7E7-D3C0C91A9F87}.Release|Any CPU.ActiveCfg = Release|Any CPU
		{FD79454B-4582-4AD2-A7E7-D3C0C91A9F87}.Release|Any CPU.Build.0 = Release|Any CPU
		{CDB1D33C-1710-4A53-8942-E1BF165E5E81}.Debug|Any CPU.ActiveCfg = Debug|Any CPU
		{CDB1D33C-1710-4A53-8942-E1BF165E5E81}.Debug|Any CPU.Build.0 = Debug|Any CPU
		{CDB1D33C-1710-4A53-8942-E1BF165E5E81}.Release|Any CPU.ActiveCfg = Release|Any CPU
		{CDB1D33C-1710-4A53-8942-E1BF165E5E81}.Release|Any CPU.Build.0 = Release|Any CPU
		{79AD99A1-3874-46EE-88B1-39E34BB27712}.Debug|Any CPU.ActiveCfg = Debug|Any CPU
		{79AD99A1-3874-46EE-88B1-39E34BB27712}.Debug|Any CPU.Build.0 = Debug|Any CPU
		{79AD99A1-3874-46EE-88B1-39E34BB27712}.Release|Any CPU.ActiveCfg = Release|Any CPU
		{79AD99A1-3874-46EE-88B1-39E34BB27712}.Release|Any CPU.Build.0 = Release|Any CPU
		{EF011EBC-4CA4-4B3A-AEDA-1BB55C8C7407}.Debug|Any CPU.ActiveCfg = Debug|Any CPU
		{EF011EBC-4CA4-4B3A-AEDA-1BB55C8C7407}.Debug|Any CPU.Build.0 = Debug|Any CPU
		{EF011EBC-4CA4-4B3A-AEDA-1BB55C8C7407}.Release|Any CPU.ActiveCfg = Release|Any CPU
		{EF011EBC-4CA4-4B3A-AEDA-1BB55C8C7407}.Release|Any CPU.Build.0 = Release|Any CPU
	EndGlobalSection
	GlobalSection(SolutionProperties) = preSolution
		HideSolutionNode = FALSE
	EndGlobalSection
	GlobalSection(ExtensibilityGlobals) = postSolution
		SolutionGuid = {DC29CE9B-A7E4-46D5-8663-550B57FFE6DF}
	EndGlobalSection
EndGlobal
